
Microsoft Visual Studio Solution File, Format Version 12.00
# Visual Studio Version 17
VisualStudioVersion = 17.14.36121.58
MinimumVisualStudioVersion = 10.0.40219.1
Project("{888888A0-9F3D-457C-B088-3A5042F75D52}") = "salary_system", "薪酬逻辑\salary_system.pyproj", "{C520FB9F-AB26-40B4-9A95-DF787572308A}"
EndProject
Global
	GlobalSection(SolutionConfigurationPlatforms) = preSolution
		Debug|Any CPU = Debug|Any CPU
		Release|Any CPU = Release|Any CPU
	EndGlobalSection
	GlobalSection(ProjectConfigurationPlatforms) = postSolution
		{C520FB9F-AB26-40B4-9A95-DF787572308A}.Debug|Any CPU.ActiveCfg = Debug|Any CPU
		{C520FB9F-AB26-40B4-9A95-DF787572308A}.Release|Any CPU.ActiveCfg = Release|Any CPU
	EndGlobalSection
	GlobalSection(SolutionProperties) = preSolution
		HideSolutionNode = FALSE
	EndGlobalSection
	GlobalSection(ExtensibilityGlobals) = postSolution
		SolutionGuid = {7BBE49E3-3C66-4739-84F9-8F5135615E25}
	EndGlobalSection
EndGlobal
